Microsoft Visual Studio Solution File, Format Version 12.00
# Visual Studio Version 17
VisualStudioVersion = 17.5.2.0
MinimumVisualStudioVersion = 10.0.40219.1
Project("{FAE04EC0-301F-11D3-BF4B-00C04F79EFBC}") = "DesignPattern_Assignment", "DesignPattern_Assignment.csproj", "{1E2BE219-1F94-DB9B-6F91-A8F78DE7607F}"
EndProject
Global
	GlobalSection(SolutionConfigurationPlatforms) = preSolution
		Debug|Any CPU = Debug|Any CPU
		Release|Any CPU = Release|Any CPU
	EndGlobalSection
	GlobalSection(ProjectConfigurationPlatforms) = postSolution
		{1E2BE219-1F94-DB9B-6F91-A8F78DE7607F}.Debug|Any CPU.ActiveCfg = Debug|Any CPU
		{1E2BE219-1F94-DB9B-6F91-A8F78DE7607F}.Debug|Any CPU.Build.0 = Debug|Any CPU
		{1E2BE219-1F94-DB9B-6F91-A8F78DE7607F}.Release|Any CPU.ActiveCfg = Release|Any CPU
		{1E2BE219-1F94-DB9B-6F91-A8F78DE7607F}.Release|Any CPU.Build.0 = Release|Any CPU
	EndGlobalSection
	GlobalSection(SolutionProperties) = preSolution
		HideSolutionNode = FALSE
	EndGlobalSection
	GlobalSection(ExtensibilityGlobals) = postSolution
		SolutionGuid = {6F6051A9-1556-4BB6-AAD4-2E74382BAA4A}
	EndGlobalSection
EndGlobal
